
Microsoft Visual Studio Solution File, Format Version 12.00
# Visual Studio 14
VisualStudioVersion = 14.0.23107.0
MinimumVisualStudioVersion = 10.0.40219.1
Project("{FAE04EC0-301F-11D3-BF4B-00C04F79EFBC}") = "Exposeum", "Exposeum\Exposeum.csproj", "{95AD6949-CBE8-4014-8DD3-B18F4138C6D9}"
EndProject
Project("{FAE04EC0-301F-11D3-BF4B-00C04F79EFBC}") = "Exposeum.UITests", "Exposeum.UITests\Exposeum.UITests.csproj", "{52FA230A-34A3-4D3E-8107-5F8E943941CA}"
EndProject
Project("{FAE04EC0-301F-11D3-BF4B-00C04F79EFBC}") = "UnitTests", "UnitTests\UnitTests.csproj", "{FE62BFAC-1746-4104-9E9F-3C2FC589CC63}"
EndProject
Global
	GlobalSection(SolutionConfigurationPlatforms) = preSolution
		Debug|Any CPU = Debug|Any CPU
		Release|Any CPU = Release|Any CPU
	EndGlobalSection
	GlobalSection(ProjectConfigurationPlatforms) = postSolution
		{95AD6949-CBE8-4014-8DD3-B18F4138C6D9}.Debug|Any CPU.ActiveCfg = Debug|Any CPU
		{95AD6949-CBE8-4014-8DD3-B18F4138C6D9}.Debug|Any CPU.Build.0 = Debug|Any CPU
		{95AD6949-CBE8-4014-8DD3-B18F4138C6D9}.Debug|Any CPU.Deploy.0 = Debug|Any CPU
		{95AD6949-CBE8-4014-8DD3-B18F4138C6D9}.Release|Any CPU.ActiveCfg = Release|Any CPU
		{95AD6949-CBE8-4014-8DD3-B18F4138C6D9}.Release|Any CPU.Build.0 = Release|Any CPU
		{95AD6949-CBE8-4014-8DD3-B18F4138C6D9}.Release|Any CPU.Deploy.0 = Release|Any CPU
		{52FA230A-34A3-4D3E-8107-5F8E943941CA}.Debug|Any CPU.ActiveCfg = Debug|Any CPU
		{52FA230A-34A3-4D3E-8107-5F8E943941CA}.Debug|Any CPU.Build.0 = Debug|Any CPU
		{52FA230A-34A3-4D3E-8107-5F8E943941CA}.Release|Any CPU.ActiveCfg = Release|Any CPU
		{52FA230A-34A3-4D3E-8107-5F8E943941CA}.Release|Any CPU.Build.0 = Release|Any CPU
		{FE62BFAC-1746-4104-9E9F-3C2FC589CC63}.Debug|Any CPU.ActiveCfg = Debug|Any CPU
		{FE62BFAC-1746-4104-9E9F-3C2FC589CC63}.Release|Any CPU.ActiveCfg = Release|Any CPU
		{FE62BFAC-1746-4104-9E9F-3C2FC589CC63}.Release|Any CPU.Build.0 = Release|Any CPU
	EndGlobalSection
	GlobalSection(SolutionProperties) = preSolution
		HideSolutionNode = FALSE
	EndGlobalSection
EndGlobal
